<?xml version="1.0" encoding="utf-8"?>
<Project ToolsVersion="17.0" xmlns="http://schemas.microsoft.com/developer/msbuild/2003">
  <ItemGroup>
    <ClCompile Include="E:\MSE\2-semester\NIR\DirectX12-Sandbox\Sandbox\src\main.cpp">
      <Filter>Source Files</Filter>
    </ClCompile>
    <ClCompile Include="E:\MSE\2-semester\NIR\DirectX12-Sandbox\Sandbox\src\CubeRenderer.cpp">
      <Filter>Source Files</Filter>
    </ClCompile>
  </ItemGroup>
  <ItemGroup>
    <ClInclude Include="E:\MSE\2-semester\NIR\DirectX12-Sandbox\Sandbox\inc\CubeRenderer.h">
      <Filter>Header Files</Filter>
    </ClInclude>
  </ItemGroup>
  <ItemGroup>
    <CustomBuild Include="E:\MSE\2-semester\NIR\DirectX12-Sandbox\Sandbox\CMakeLists.txt" />
  </ItemGroup>
  <ItemGroup>
    <FXCompile Include="E:\MSE\2-semester\NIR\DirectX12-Sandbox\Sandbox\shaders\VertexShader.hlsl">
      <Filter>Resources\Shaders</Filter>
    </FXCompile>
    <FXCompile Include="E:\MSE\2-semester\NIR\DirectX12-Sandbox\Sandbox\shaders\PixelShader.hlsl">
      <Filter>Resources\Shaders</Filter>
    </FXCompile>
  </ItemGroup>
  <ItemGroup>
    <Filter Include="Header Files">
      <UniqueIdentifier>{B02CAFC4-7F83-3D33-BD99-535EC2ED4E1B}</UniqueIdentifier>
    </Filter>
    <Filter Include="Resources">
      <UniqueIdentifier>{CA0D3D3D-2E90-3405-BE69-B36891D0D640}</UniqueIdentifier>
    </Filter>
    <Filter Include="Resources\Shaders">
      <UniqueIdentifier>{40680768-48D6-374E-BC43-6E1839ED0DFA}</UniqueIdentifier>
    </Filter>
    <Filter Include="Source Files">
      <UniqueIdentifier>{2818A7E1-56AB-3370-8A5B-FA376B456E67}</UniqueIdentifier>
    </Filter>
  </ItemGroup>
</Project>
