
Microsoft Visual Studio Solution File, Format Version 12.00
# Visual Studio Version 17
Project("{2150E333-8FDC-42A3-9474-1A3956D46DE8}") = "CMakePredefinedTargets", "CMakePredefinedTargets", "{C79DBCC5-CEAD-3423-9693-2C3D897E8E3D}"
EndProject
Project("{8BC9CEB8-8B4A-11D0-8D11-00A0C91BC942}") = "Sandbox", "Sandbox\Sandbox.vcxproj", "{A5747A99-93CA-3FAE-895B-579ABBAE7446}"
	ProjectSection(ProjectDependencies) = postProject
		{4ACD2B7B-D39F-3A55-9B31-5ACB55929D8E} = {4ACD2B7B-D39F-3A55-9B31-5ACB55929D8E}
		{6119EAAC-4FB4-3C85-9FD4-811A2438400D} = {6119EAAC-4FB4-3C85-9FD4-811A2438400D}
	EndProjectSection
EndProject
Project("{8BC9CEB8-8B4A-11D0-8D11-00A0C91BC942}") = "ALL_BUILD", "ALL_BUILD.vcxproj", "{45AD47C4-ED27-348F-9644-1CD237D35397}"
	ProjectSection(ProjectDependencies) = postProject
		{4ACD2B7B-D39F-3A55-9B31-5ACB55929D8E} = {4ACD2B7B-D39F-3A55-9B31-5ACB55929D8E}
		{A5747A99-93CA-3FAE-895B-579ABBAE7446} = {A5747A99-93CA-3FAE-895B-579ABBAE7446}
		{6119EAAC-4FB4-3C85-9FD4-811A2438400D} = {6119EAAC-4FB4-3C85-9FD4-811A2438400D}
	EndProjectSection
EndProject
Project("{8BC9CEB8-8B4A-11D0-8D11-00A0C91BC942}") = "MyDX12Lib", "MyDX12Lib\MyDX12Lib.vcxproj", "{4ACD2B7B-D39F-3A55-9B31-5ACB55929D8E}"
	ProjectSection(ProjectDependencies) = postProject
		{6119EAAC-4FB4-3C85-9FD4-811A2438400D} = {6119EAAC-4FB4-3C85-9FD4-811A2438400D}
	EndProjectSection
EndProject
Project("{8BC9CEB8-8B4A-11D0-8D11-00A0C91BC942}") = "ZERO_CHECK", "ZERO_CHECK.vcxproj", "{6119EAAC-4FB4-3C85-9FD4-811A2438400D}"
	ProjectSection(ProjectDependencies) = postProject
	EndProjectSection
EndProject
Global
	GlobalSection(SolutionConfigurationPlatforms) = preSolution
		Debug|x64 = Debug|x64
		Release|x64 = Release|x64
		MinSizeRel|x64 = MinSizeRel|x64
		RelWithDebInfo|x64 = RelWithDebInfo|x64
	EndGlobalSection
	GlobalSection(ProjectConfigurationPlatforms) = postSolution
		{A5747A99-93CA-3FAE-895B-579ABBAE7446}.Debug|x64.ActiveCfg = Debug|x64
		{A5747A99-93CA-3FAE-895B-579ABBAE7446}.Debug|x64.Build.0 = Debug|x64
		{A5747A99-93CA-3FAE-895B-579ABBAE7446}.Release|x64.ActiveCfg = Release|x64
		{A5747A99-93CA-3FAE-895B-579ABBAE7446}.Release|x64.Build.0 = Release|x64
		{A5747A99-93CA-3FAE-895B-579ABBAE7446}.MinSizeRel|x64.ActiveCfg = MinSizeRel|x64
		{A5747A99-93CA-3FAE-895B-579ABBAE7446}.MinSizeRel|x64.Build.0 = MinSizeRel|x64
		{A5747A99-93CA-3FAE-895B-579ABBAE7446}.RelWithDebInfo|x64.ActiveCfg = RelWithDebInfo|x64
		{A5747A99-93CA-3FAE-895B-579ABBAE7446}.RelWithDebInfo|x64.Build.0 = RelWithDebInfo|x64
		{45AD47C4-ED27-348F-9644-1CD237D35397}.Debug|x64.ActiveCfg = Debug|x64
		{45AD47C4-ED27-348F-9644-1CD237D35397}.Release|x64.ActiveCfg = Release|x64
		{45AD47C4-ED27-348F-9644-1CD237D35397}.MinSizeRel|x64.ActiveCfg = MinSizeRel|x64
		{45AD47C4-ED27-348F-9644-1CD237D35397}.RelWithDebInfo|x64.ActiveCfg = RelWithDebInfo|x64
		{4ACD2B7B-D39F-3A55-9B31-5ACB55929D8E}.Debug|x64.ActiveCfg = Debug|x64
		{4ACD2B7B-D39F-3A55-9B31-5ACB55929D8E}.Debug|x64.Build.0 = Debug|x64
		{4ACD2B7B-D39F-3A55-9B31-5ACB55929D8E}.Release|x64.ActiveCfg = Release|x64
		{4ACD2B7B-D39F-3A55-9B31-5ACB55929D8E}.Release|x64.Build.0 = Release|x64
		{4ACD2B7B-D39F-3A55-9B31-5ACB55929D8E}.MinSizeRel|x64.ActiveCfg = MinSizeRel|x64
		{4ACD2B7B-D39F-3A55-9B31-5ACB55929D8E}.MinSizeRel|x64.Build.0 = MinSizeRel|x64
		{4ACD2B7B-D39F-3A55-9B31-5ACB55929D8E}.RelWithDebInfo|x64.ActiveCfg = RelWithDebInfo|x64
		{4ACD2B7B-D39F-3A55-9B31-5ACB55929D8E}.RelWithDebInfo|x64.Build.0 = RelWithDebInfo|x64
		{6119EAAC-4FB4-3C85-9FD4-811A2438400D}.Debug|x64.ActiveCfg = Debug|x64
		{6119EAAC-4FB4-3C85-9FD4-811A2438400D}.Debug|x64.Build.0 = Debug|x64
		{6119EAAC-4FB4-3C85-9FD4-811A2438400D}.Release|x64.ActiveCfg = Release|x64
		{6119EAAC-4FB4-3C85-9FD4-811A2438400D}.Release|x64.Build.0 = Release|x64
		{6119EAAC-4FB4-3C85-9FD4-811A2438400D}.MinSizeRel|x64.ActiveCfg = MinSizeRel|x64
		{6119EAAC-4FB4-3C85-9FD4-811A2438400D}.MinSizeRel|x64.Build.0 = MinSizeRel|x64
		{6119EAAC-4FB4-3C85-9FD4-811A2438400D}.RelWithDebInfo|x64.ActiveCfg = RelWithDebInfo|x64
		{6119EAAC-4FB4-3C85-9FD4-811A2438400D}.RelWithDebInfo|x64.Build.0 = RelWithDebInfo|x64
	EndGlobalSection
	GlobalSection(NestedProjects) = preSolution
		{45AD47C4-ED27-348F-9644-1CD237D35397} = {C79DBCC5-CEAD-3423-9693-2C3D897E8E3D}
		{6119EAAC-4FB4-3C85-9FD4-811A2438400D} = {C79DBCC5-CEAD-3423-9693-2C3D897E8E3D}
	EndGlobalSection
	GlobalSection(ExtensibilityGlobals) = postSolution
		SolutionGuid = {3383611E-EE92-32EE-AF4B-C6FEBDBF63C8}
	EndGlobalSection
	GlobalSection(ExtensibilityAddIns) = postSolution
	EndGlobalSection
EndGlobal
